
Microsoft Visual Studio Solution File, Format Version 12.00
# Visual Studio Version 17
VisualStudioVersion = 17.5.33530.505
MinimumVisualStudioVersion = 10.0.40219.1
Project("{FAE04EC0-301F-11D3-BF4B-00C04F79EFBC}") = "RegistrationSystem", "RegistrationSystem\RegistrationSystem.csproj", "{97238CEC-94DF-4427-8796-217AF3D16CDD}"
EndProject
Global
	GlobalSection(SolutionConfigurationPlatforms) = preSolution
		Debug|Any CPU = Debug|Any CPU
		Release|Any CPU = Release|Any CPU
	EndGlobalSection
	GlobalSection(ProjectConfigurationPlatforms) = postSolution
		{97238CEC-94DF-4427-8796-217AF3D16CDD}.Debug|Any CPU.ActiveCfg = Debug|Any CPU
		{97238CEC-94DF-4427-8796-217AF3D16CDD}.Debug|Any CPU.Build.0 = Debug|Any CPU
		{97238CEC-94DF-4427-8796-217AF3D16CDD}.Release|Any CPU.ActiveCfg = Release|Any CPU
		{97238CEC-94DF-4427-8796-217AF3D16CDD}.Release|Any CPU.Build.0 = Release|Any CPU
	EndGlobalSection
	GlobalSection(SolutionProperties) = preSolution
		HideSolutionNode = FALSE
	EndGlobalSection
	GlobalSection(ExtensibilityGlobals) = postSolution
		SolutionGuid = {3DA70BC4-967A-41F2-BFC9-12CD6087B29A}
	EndGlobalSection
EndGlobal
